
Microsoft Visual Studio Solution File, Format Version 11.00
# Visual Studio 2010
Project("{8BC9CEB8-8B4A-11D0-8D11-00A0C91BC942}") = "watchDog", "watchDog\watchDog.vcxproj", "{D19654C2-D9E4-4DFC-B11A-C99583AF3483}"
EndProject
Global
	GlobalSection(SolutionConfigurationPlatforms) = preSolution
		Debug|Win32 = Debug|Win32
		Release|Win32 = Release|Win32
	EndGlobalSection
	GlobalSection(ProjectConfigurationPlatforms) = postSolution
		{D19654C2-D9E4-4DFC-B11A-C99583AF3483}.Debug|Win32.ActiveCfg = Debug|Win32
		{D19654C2-D9E4-4DFC-B11A-C99583AF3483}.Debug|Win32.Build.0 = Debug|Win32
		{D19654C2-D9E4-4DFC-B11A-C99583AF3483}.Release|Win32.ActiveCfg = Release|Win32
		{D19654C2-D9E4-4DFC-B11A-C99583AF3483}.Release|Win32.Build.0 = Release|Win32
	EndGlobalSection
	GlobalSection(SolutionProperties) = preSolution
		HideSolutionNode = FALSE
	EndGlobalSection
EndGlobal
